{
    "name": "back",
    "version": "1.0.0",
    "lockfileVersion": 3,
    "requires": true,
    "packages": {
        "": {
            "name": "back",
            "version": "1.0.0",
            "license": "ISC",
            "dependencies": {
                "inversify": "^7.8.1",
                "protocol": "file:../protocol",
                "ws": "^8.18.3"
            },
            "devDependencies": {
                "@types/node": "^24.3.0",
                "@types/ws": "^8.18.1",
                "typescript": "^5.9.2"
            }
        },
        "../protocol": {
            "version": "1.0.0",
            "license": "ISC",
            "dependencies": {
                "@types/node": "^24.2.1",
                "typescript": "^5.9.2"
            }
        },
        "../protocol/src": {
            "extraneous": true
        },
        "node_modules/@inversifyjs/common": {
            "version": "1.5.2",
            "resolved": "https://registry.npmjs.org/@inversifyjs/common/-/common-1.5.2.tgz",
            "integrity": "sha512-WlzR9xGadABS9gtgZQ+luoZ8V6qm4Ii6RQfcfC9Ho2SOlE6ZuemFo7PKJvKI0ikm8cmKbU8hw5UK6E4qovH21w==",
            "license": "MIT"
        },
        "node_modules/@inversifyjs/container": {
            "version": "1.12.5",
            "resolved": "https://registry.npmjs.org/@inversifyjs/container/-/container-1.12.5.tgz",
            "integrity": "sha512-Lmadb4kBWiDcCMZXHtaIpNkr48qa3UbN7L25oM+EIRKMdY26j/34snApSLA62mzgqi+GK5wLAWJNLt8jrPQVsQ==",
            "license": "MIT",
            "dependencies": {
                "@inversifyjs/common": "1.5.2",
                "@inversifyjs/core": "7.1.1",
                "@inversifyjs/plugin": "0.2.0",
                "@inversifyjs/reflect-metadata-utils": "1.3.0"
            },
            "peerDependencies": {
                "reflect-metadata": "~0.2.2"
            }
        },
        "node_modules/@inversifyjs/core": {
            "version": "7.1.1",
            "resolved": "https://registry.npmjs.org/@inversifyjs/core/-/core-7.1.1.tgz",
            "integrity": "sha512-TZmbndhFcM5hZXa64n4NWphYsHYm4m7rLQ9xn0yxkSfznIPpPzLQQ1ocXokbNvltIXmtNAM+oM8npXO+z0esCA==",
            "license": "MIT",
            "dependencies": {
                "@inversifyjs/common": "1.5.2",
                "@inversifyjs/prototype-utils": "0.1.2",
                "@inversifyjs/reflect-metadata-utils": "1.3.0"
            }
        },
        "node_modules/@inversifyjs/plugin": {
            "version": "0.2.0",
            "resolved": "https://registry.npmjs.org/@inversifyjs/plugin/-/plugin-0.2.0.tgz",
            "integrity": "sha512-R/JAdkTSD819pV1zi0HP54mWHyX+H2m8SxldXRgPQarS3ySV4KPyRdosWcfB8Se0JJZWZLHYiUNiS6JvMWSPjw==",
            "license": "MIT"
        },
        "node_modules/@inversifyjs/prototype-utils": {
            "version": "0.1.2",
            "resolved": "https://registry.npmjs.org/@inversifyjs/prototype-utils/-/prototype-utils-0.1.2.tgz",
            "integrity": "sha512-WZAEycwVd8zVCPCQ7GRzuQmjYF7X5zbjI9cGigDbBoTHJ8y5US9om00IAp0RYislO+fYkMzgcB2SnlIVIzyESA==",
            "license": "MIT",
            "dependencies": {
                "@inversifyjs/common": "1.5.2"
            }
        },
        "node_modules/@inversifyjs/reflect-metadata-utils": {
            "version": "1.3.0",
            "resolved": "https://registry.npmjs.org/@inversifyjs/reflect-metadata-utils/-/reflect-metadata-utils-1.3.0.tgz",
            "integrity": "sha512-JJVnIRq75+nF8FP4WwFPdVQ4sgqf09acXbODi3B7vVtJo+0Mo0YQOOdSWw/cHmbP8+5MAKi4PBYOK3yqn4tGNg==",
            "license": "MIT",
            "peerDependencies": {
                "reflect-metadata": "0.2.2"
            }
        },
        "node_modules/@types/node": {
            "version": "24.3.0",
            "resolved": "https://registry.npmjs.org/@types/node/-/node-24.3.0.tgz",
            "integrity": "sha512-aPTXCrfwnDLj4VvXrm+UUCQjNEvJgNA8s5F1cvwQU+3KNltTOkBm1j30uNLyqqPNe7gE3KFzImYoZEfLhp4Yow==",
            "dev": true,
            "license": "MIT",
            "dependencies": {
                "undici-types": "~7.10.0"
            }
        },
        "node_modules/@types/ws": {
            "version": "8.18.1",
            "resolved": "https://registry.npmjs.org/@types/ws/-/ws-8.18.1.tgz",
            "integrity": "sha512-ThVF6DCVhA8kUGy+aazFQ4kXQ7E1Ty7A3ypFOe0IcJV8O/M511G99AW24irKrW56Wt44yG9+ij8FaqoBGkuBXg==",
            "dev": true,
            "license": "MIT",
            "dependencies": {
                "@types/node": "*"
            }
        },
        "node_modules/inversify": {
            "version": "7.8.1",
            "resolved": "https://registry.npmjs.org/inversify/-/inversify-7.8.1.tgz",
            "integrity": "sha512-UARBurbyW86JQL1XdBm9mTJG4tw/k/CYxZLvu0AY1vjh88lu0+IdQ9njCncr6e9YFsg4vnJviWyclg4icJhnXA==",
            "license": "MIT",
            "dependencies": {
                "@inversifyjs/common": "1.5.2",
                "@inversifyjs/container": "1.12.5",
                "@inversifyjs/core": "7.1.1"
            },
            "peerDependencies": {
                "reflect-metadata": "~0.2.2"
            }
        },
        "node_modules/protocol": {
            "resolved": "../protocol",
            "link": true
        },
        "node_modules/reflect-metadata": {
            "version": "0.2.2",
            "resolved": "https://registry.npmjs.org/reflect-metadata/-/reflect-metadata-0.2.2.tgz",
            "integrity": "sha512-urBwgfrvVP/eAyXx4hluJivBKzuEbSQs9rKWCrCkbSxNv8mxPcUZKeuoF3Uy4mJl3Lwprp6yy5/39VWigZ4K6Q==",
            "license": "Apache-2.0",
            "peer": true
        },
        "node_modules/typescript": {
            "version": "5.9.2",
            "resolved": "https://registry.npmjs.org/typescript/-/typescript-5.9.2.tgz",
            "integrity": "sha512-CWBzXQrc/qOkhidw1OzBTQuYRbfyxDXJMVJ1XNwUHGROVmuaeiEm3OslpZ1RV96d7SKKjZKrSJu3+t/xlw3R9A==",
            "dev": true,
            "license": "Apache-2.0",
            "bin": {
                "tsc": "bin/tsc",
                "tsserver": "bin/tsserver"
            },
            "engines": {
                "node": ">=14.17"
            }
        },
        "node_modules/undici-types": {
            "version": "7.10.0",
            "resolved": "https://registry.npmjs.org/undici-types/-/undici-types-7.10.0.tgz",
            "integrity": "sha512-t5Fy/nfn+14LuOc2KNYg75vZqClpAiqscVvMygNnlsHBFpSXdJaYtXMcdNLpl/Qvc3P2cB3s6lOV51nqsFq4ag==",
            "dev": true,
            "license": "MIT"
        },
        "node_modules/ws": {
            "version": "8.18.3",
            "resolved": "https://registry.npmjs.org/ws/-/ws-8.18.3.tgz",
            "integrity": "sha512-PEIGCY5tSlUt50cqyMXfCzX+oOPqN0vuGqWzbcJ2xvnkzkq46oOpz7dQaTDBdfICb4N14+GARUDw2XV2N4tvzg==",
            "license": "MIT",
            "engines": {
                "node": ">=10.0.0"
            },
            "peerDependencies": {
                "bufferutil": "^4.0.1",
                "utf-8-validate": ">=5.0.2"
            },
            "peerDependenciesMeta": {
                "bufferutil": {
                    "optional": true
                },
                "utf-8-validate": {
                    "optional": true
                }
            }
        }
    }
}
